{
  "lockfile_version": "1",
  "packages": {
    "git@latest": {
      "last_modified": "2024-12-13T21:43:23Z",
      "resolved": "github:NixOS/nixpkgs/71a6392e367b08525ee710a93af2e80083b5b3e2#git",
      "source": "devbox-search",
      "version": "2.47.0",
      "systems": {
        "aarch64-darwin": {
          "outputs": [
            {
              "name": "out",
              "path": "/nix/store/w5rggkxjd7z2cjk4fia9za7gb485pydw-git-2.47.0",
              "default": true
            },
            {
              "name": "doc",
              "path": "/nix/store/8r3g3kpmrgk1ih1wfyfxv0qrybaqqk6r-git-2.47.0-doc"
            }
          ],
          "store_path": "/nix/store/w5rggkxjd7z2cjk4fia9za7gb485pydw-git-2.47.0"
        },
        "aarch64-linux": {
          "outputs": [
            {
              "name": "out",
              "path": "/nix/store/4ahzcjrsrv96qbcpmm4ybqkdjcbgblvc-git-2.47.0",
              "default": true
            },
            {
              "name": "debug",
              "path": "/nix/store/g1iyg13q0f05vf5yllvmrhqhzgggg5lf-git-2.47.0-debug"
            },
            {
              "name": "doc",
              "path": "/nix/store/6md7q4bvv9zzw2xycra4b2msg4f37n34-git-2.47.0-doc"
            }
          ],
          "store_path": "/nix/store/4ahzcjrsrv96qbcpmm4ybqkdjcbgblvc-git-2.47.0"
        },
        "x86_64-darwin": {
          "outputs": [
            {
              "name": "out",
              "path": "/nix/store/w7a374fz8ai3swihnynx4r7hgqsw9xvd-git-2.47.0",
              "default": true
            },
            {
              "name": "doc",
              "path": "/nix/store/zm42fzcd69sc8jqcn22z5dhnj5rvrk39-git-2.47.0-doc"
            }
          ],
          "store_path": "/nix/store/w7a374fz8ai3swihnynx4r7hgqsw9xvd-git-2.47.0"
        },
        "x86_64-linux": {
          "outputs": [
            {
              "name": "out",
              "path": "/nix/store/1zgzrsbq3b0f06k76pha0r8hmfwvjvc0-git-2.47.0",
              "default": true
            },
            {
              "name": "debug",
              "path": "/nix/store/i48viyk4j244008yxb5snhiffhwkgh00-git-2.47.0-debug"
            },
            {
              "name": "doc",
              "path": "/nix/store/g4qfyzlr8gfink7g62kwh7cyan9zv91d-git-2.47.0-doc"
            }
          ],
          "store_path": "/nix/store/1zgzrsbq3b0f06k76pha0r8hmfwvjvc0-git-2.47.0"
        }
      }
    },
    "gradle@latest": {
      "last_modified": "2025-01-20T10:56:48Z",
      "plugin_version": "0.0.1",
      "resolved": "github:NixOS/nixpkgs/300081d0cc72df578b02d914df941b8ec62240e6#gradle",
      "source": "devbox-search",
      "version": "8.12",
      "systems": {
        "aarch64-darwin": {
          "outputs": [
            {
              "name": "out",
              "path": "/nix/store/xxa9j6rbsfwyllkrhcz725daz482qvwk-gradle-8.12",
              "default": true
            }
          ],
          "store_path": "/nix/store/xxa9j6rbsfwyllkrhcz725daz482qvwk-gradle-8.12"
        },
        "aarch64-linux": {
          "outputs": [
            {
              "name": "out",
              "path": "/nix/store/2k9s3waihn9mslbv43nrfif88s08hk5c-gradle-8.12",
              "default": true
            }
          ],
          "store_path": "/nix/store/2k9s3waihn9mslbv43nrfif88s08hk5c-gradle-8.12"
        },
        "x86_64-darwin": {
          "outputs": [
            {
              "name": "out",
              "path": "/nix/store/cn0qmmq7n2j6rzyrglzrx6z8rvb40qaj-gradle-8.12",
              "default": true
            }
          ],
          "store_path": "/nix/store/cn0qmmq7n2j6rzyrglzrx6z8rvb40qaj-gradle-8.12"
        },
        "x86_64-linux": {
          "outputs": [
            {
              "name": "out",
              "path": "/nix/store/njjy7jz26p531qa9cj28fkjsx0x2i6q9-gradle-8.12",
              "default": true
            }
          ],
          "store_path": "/nix/store/njjy7jz26p531qa9cj28fkjsx0x2i6q9-gradle-8.12"
        }
      }
    },
    "graphite-cli@latest": {
      "last_modified": "2025-01-19T08:16:51Z",
      "resolved": "github:NixOS/nixpkgs/50165c4f7eb48ce82bd063e1fb8047a0f515f8ce#graphite-cli",
      "source": "devbox-search",
      "version": "1.4.11",
      "systems": {
        "aarch64-darwin": {
          "outputs": [
            {
              "name": "out",
              "path": "/nix/store/scwfvxw7xghh124jyjmwmh2ffmbp30q9-graphite-cli-1.4.11",
              "default": true
            }
          ],
          "store_path": "/nix/store/scwfvxw7xghh124jyjmwmh2ffmbp30q9-graphite-cli-1.4.11"
        },
        "aarch64-linux": {
          "outputs": [
            {
              "name": "out",
              "path": "/nix/store/w0il2mr7l4vxw0glhpsp5l9y0kv6wp2q-graphite-cli-1.4.11",
              "default": true
            }
          ],
          "store_path": "/nix/store/w0il2mr7l4vxw0glhpsp5l9y0kv6wp2q-graphite-cli-1.4.11"
        },
        "x86_64-darwin": {
          "outputs": [
            {
              "name": "out",
              "path": "/nix/store/fq3zgsyaj4msdi2cw89jmrncgzd0rvr2-graphite-cli-1.4.11",
              "default": true
            }
          ],
          "store_path": "/nix/store/fq3zgsyaj4msdi2cw89jmrncgzd0rvr2-graphite-cli-1.4.11"
        },
        "x86_64-linux": {
          "outputs": [
            {
              "name": "out",
              "path": "/nix/store/2cjrczjhvf1acv43wvyyzjqz7k0n7g8q-graphite-cli-1.4.11",
              "default": true
            }
          ],
          "store_path": "/nix/store/2cjrczjhvf1acv43wvyyzjqz7k0n7g8q-graphite-cli-1.4.11"
        }
      }
    },
    "jdk@23.0.1+11": {
      "last_modified": "2024-12-23T21:10:33Z",
      "resolved": "github:NixOS/nixpkgs/de1864217bfa9b5845f465e771e0ecb48b30e02d#jdk23",
      "source": "devbox-search",
      "version": "23.0.1+11",
      "systems": {
        "aarch64-linux": {
          "outputs": [
            {
              "name": "out",
              "path": "/nix/store/n20dwghm2qcpkx2kw6sqb5vaay6xk6bd-openjdk-23.0.1+11",
              "default": true
            },
            {
              "name": "debug",
              "path": "/nix/store/v7xhjv7cx72l71wk6lljzrmj1zdhn32q-openjdk-23.0.1+11-debug"
            }
          ],
          "store_path": "/nix/store/n20dwghm2qcpkx2kw6sqb5vaay6xk6bd-openjdk-23.0.1+11"
        },
        "x86_64-linux": {
          "outputs": [
            {
              "name": "out",
              "path": "/nix/store/zqrpvgh2d18gp07ajv0mxn2gani3qdf5-openjdk-23.0.1+11",
              "default": true
            },
            {
              "name": "debug",
              "path": "/nix/store/88xs0bcqym2bdmx3qp42vr8rcx5g9d8q-openjdk-23.0.1+11-debug"
            }
          ],
          "store_path": "/nix/store/zqrpvgh2d18gp07ajv0mxn2gani3qdf5-openjdk-23.0.1+11"
        }
      }
    },
    "neovim@latest": {
      "last_modified": "2025-01-20T10:56:48Z",
      "resolved": "github:NixOS/nixpkgs/300081d0cc72df578b02d914df941b8ec62240e6#neovim",
      "source": "devbox-search",
      "version": "0.10.3",
      "systems": {
        "aarch64-darwin": {
          "outputs": [
            {
              "name": "out",
              "path": "/nix/store/f269bhrfmvmp88ilc0vib6gva2mrvwxn-neovim-0.10.3",
              "default": true
            }
          ],
          "store_path": "/nix/store/f269bhrfmvmp88ilc0vib6gva2mrvwxn-neovim-0.10.3"
        },
        "aarch64-linux": {
          "outputs": [
            {
              "name": "out",
              "path": "/nix/store/4nnc39dc5xccl2bmwm606l47jv44hdih-neovim-0.10.3",
              "default": true
            }
          ],
          "store_path": "/nix/store/4nnc39dc5xccl2bmwm606l47jv44hdih-neovim-0.10.3"
        },
        "x86_64-darwin": {
          "outputs": [
            {
              "name": "out",
              "path": "/nix/store/7d3bc8m39pxnxgmqj320yk0wb59lliq9-neovim-0.10.3",
              "default": true
            }
          ],
          "store_path": "/nix/store/7d3bc8m39pxnxgmqj320yk0wb59lliq9-neovim-0.10.3"
        },
        "x86_64-linux": {
          "outputs": [
            {
              "name": "out",
              "path": "/nix/store/lsrnhra4715cyr7y4gciaqn5v1xn3vj3-neovim-0.10.3",
              "default": true
            }
          ],
          "store_path": "/nix/store/lsrnhra4715cyr7y4gciaqn5v1xn3vj3-neovim-0.10.3"
        }
      }
    },
    "nodejs@latest": {
      "last_modified": "2024-12-23T21:10:33Z",
      "plugin_version": "0.0.2",
      "resolved": "github:NixOS/nixpkgs/de1864217bfa9b5845f465e771e0ecb48b30e02d#nodejs_23",
      "source": "devbox-search",
      "version": "23.2.0",
      "systems": {
        "aarch64-darwin": {
          "outputs": [
            {
              "name": "out",
              "path": "/nix/store/h01fs5dy2aykhxfd2nvq2qzn5v88bmj2-nodejs-23.2.0",
              "default": true
            },
            {
              "name": "libv8",
              "path": "/nix/store/rpafhg74x82viy5d5ri5llikkd0nv0jy-nodejs-23.2.0-libv8"
            }
          ],
          "store_path": "/nix/store/h01fs5dy2aykhxfd2nvq2qzn5v88bmj2-nodejs-23.2.0"
        },
        "aarch64-linux": {
          "outputs": [
            {
              "name": "out",
              "path": "/nix/store/24jjyqsk2bf45a9vc6p24l55v058n0fb-nodejs-23.2.0",
              "default": true
            },
            {
              "name": "libv8",
              "path": "/nix/store/lifan3dprdmnkhs6fk537zhs92baqm9x-nodejs-23.2.0-libv8"
            }
          ],
          "store_path": "/nix/store/24jjyqsk2bf45a9vc6p24l55v058n0fb-nodejs-23.2.0"
        },
        "x86_64-darwin": {
          "outputs": [
            {
              "name": "out",
              "path": "/nix/store/5ckvci4i16whdx5n1vxj14as01kwp1iz-nodejs-23.2.0",
              "default": true
            },
            {
              "name": "libv8",
              "path": "/nix/store/13sfp639j9d69n1rjc0a9z3y7xxfwm23-nodejs-23.2.0-libv8"
            }
          ],
          "store_path": "/nix/store/5ckvci4i16whdx5n1vxj14as01kwp1iz-nodejs-23.2.0"
        },
        "x86_64-linux": {
          "outputs": [
            {
              "name": "out",
              "path": "/nix/store/cgkpjpl1hspg30dlmv4hhvlhbvik1bn1-nodejs-23.2.0",
              "default": true
            },
            {
              "name": "libv8",
              "path": "/nix/store/3mma5xpnfggra9as4l9ibvihx70qm7wc-nodejs-23.2.0-libv8"
            }
          ],
          "store_path": "/nix/store/cgkpjpl1hspg30dlmv4hhvlhbvik1bn1-nodejs-23.2.0"
        }
      }
    },
    "pnpm@latest": {
      "last_modified": "2025-02-07T11:26:36Z",
      "resolved": "github:NixOS/nixpkgs/d98abf5cf5914e5e4e9d57205e3af55ca90ffc1d#pnpm",
      "source": "devbox-search",
      "version": "10.2.1",
      "systems": {
        "aarch64-darwin": {
          "outputs": [
            {
              "name": "out",
              "path": "/nix/store/f69kr305skrj3zf7fn96fcw3mr87dh59-pnpm-10.2.1",
              "default": true
            }
          ],
          "store_path": "/nix/store/f69kr305skrj3zf7fn96fcw3mr87dh59-pnpm-10.2.1"
        },
        "aarch64-linux": {
          "outputs": [
            {
              "name": "out",
              "path": "/nix/store/qww560lnjwb20ln7gjwq9ylb2sjkbbf5-pnpm-10.2.1",
              "default": true
            }
          ],
          "store_path": "/nix/store/qww560lnjwb20ln7gjwq9ylb2sjkbbf5-pnpm-10.2.1"
        },
        "x86_64-darwin": {
          "outputs": [
            {
              "name": "out",
              "path": "/nix/store/xcy99hb5djnijhpm4ql1iyif7lldjw4l-pnpm-10.2.1",
              "default": true
            }
          ],
          "store_path": "/nix/store/xcy99hb5djnijhpm4ql1iyif7lldjw4l-pnpm-10.2.1"
        },
        "x86_64-linux": {
          "outputs": [
            {
              "name": "out",
              "path": "/nix/store/zk7vgm4h5d5sv3wsxmwknixnc1dhmm80-pnpm-10.2.1",
              "default": true
            }
          ],
          "store_path": "/nix/store/zk7vgm4h5d5sv3wsxmwknixnc1dhmm80-pnpm-10.2.1"
        }
      }
    }
  }
}
